
Microsoft Visual Studio Solution File, Format Version 12.00
# Visual Studio 15
VisualStudioVersion = 15.0.28307.271
MinimumVisualStudioVersion = 10.0.40219.1
Project("{FAE04EC0-301F-11D3-BF4B-00C04F79EFBC}") = "Lab3Dist", "Lab3Dist\Lab3Dist.csproj", "{3888D62B-55E4-4012-B1A1-ED6E767FC92C}"
EndProject
Global
	GlobalSection(SolutionConfigurationPlatforms) = preSolution
		Debug|Any CPU = Debug|Any CPU
		Release|Any CPU = Release|Any CPU
	EndGlobalSection
	GlobalSection(ProjectConfigurationPlatforms) = postSolution
		{3888D62B-55E4-4012-B1A1-ED6E767FC92C}.Debug|Any CPU.ActiveCfg = Debug|Any CPU
		{3888D62B-55E4-4012-B1A1-ED6E767FC92C}.Debug|Any CPU.Build.0 = Debug|Any CPU
		{3888D62B-55E4-4012-B1A1-ED6E767FC92C}.Release|Any CPU.ActiveCfg = Release|Any CPU
		{3888D62B-55E4-4012-B1A1-ED6E767FC92C}.Release|Any CPU.Build.0 = Release|Any CPU
	EndGlobalSection
	GlobalSection(SolutionProperties) = preSolution
		HideSolutionNode = FALSE
	EndGlobalSection
	GlobalSection(ExtensibilityGlobals) = postSolution
		SolutionGuid = {6F1AB26A-EC75-4007-B754-BCA0C0EF8879}
	EndGlobalSection
EndGlobal
